
Microsoft Visual Studio Solution File, Format Version 12.00
# Visual Studio Version 17
VisualStudioVersion = 17.14.36414.22 d17.14
MinimumVisualStudioVersion = 10.0.40219.1
Project("{FAE04EC0-301F-11D3-BF4B-00C04F79EFBC}") = "3_PC6_4lvl3", "3_PC6_4lvl3\3_PC6_4lvl3.csproj", "{967A2B59-21D0-453A-A91C-96DB66389A48}"
EndProject
Global
	GlobalSection(SolutionConfigurationPlatforms) = preSolution
		Debug|Any CPU = Debug|Any CPU
		Release|Any CPU = Release|Any CPU
	EndGlobalSection
	GlobalSection(ProjectConfigurationPlatforms) = postSolution
		{967A2B59-21D0-453A-A91C-96DB66389A48}.Debug|Any CPU.ActiveCfg = Debug|Any CPU
		{967A2B59-21D0-453A-A91C-96DB66389A48}.Debug|Any CPU.Build.0 = Debug|Any CPU
		{967A2B59-21D0-453A-A91C-96DB66389A48}.Release|Any CPU.ActiveCfg = Release|Any CPU
		{967A2B59-21D0-453A-A91C-96DB66389A48}.Release|Any CPU.Build.0 = Release|Any CPU
	EndGlobalSection
	GlobalSection(SolutionProperties) = preSolution
		HideSolutionNode = FALSE
	EndGlobalSection
	GlobalSection(ExtensibilityGlobals) = postSolution
		SolutionGuid = {E7A010D3-2A5F-4E1D-B98B-333525E4A364}
	EndGlobalSection
EndGlobal
