
Microsoft Visual Studio Solution File, Format Version 12.00
# Visual Studio Version 17
VisualStudioVersion = 17.13.35931.197 d17.13
MinimumVisualStudioVersion = 10.0.40219.1
Project("{FAE04EC0-301F-11D3-BF4B-00C04F79EFBC}") = "3_PC6_4_level1", "3_PC6_4_level1\3_PC6_4_level1.csproj", "{FAD1346A-80B6-4B7C-94C8-DDFD104461A6}"
EndProject
Global
	GlobalSection(SolutionConfigurationPlatforms) = preSolution
		Debug|Any CPU = Debug|Any CPU
		Release|Any CPU = Release|Any CPU
	EndGlobalSection
	GlobalSection(ProjectConfigurationPlatforms) = postSolution
		{FAD1346A-80B6-4B7C-94C8-DDFD104461A6}.Debug|Any CPU.ActiveCfg = Debug|Any CPU
		{FAD1346A-80B6-4B7C-94C8-DDFD104461A6}.Debug|Any CPU.Build.0 = Debug|Any CPU
		{FAD1346A-80B6-4B7C-94C8-DDFD104461A6}.Release|Any CPU.ActiveCfg = Release|Any CPU
		{FAD1346A-80B6-4B7C-94C8-DDFD104461A6}.Release|Any CPU.Build.0 = Release|Any CPU
	EndGlobalSection
	GlobalSection(SolutionProperties) = preSolution
		HideSolutionNode = FALSE
	EndGlobalSection
	GlobalSection(ExtensibilityGlobals) = postSolution
		SolutionGuid = {FAE48AD5-AB1E-447D-8600-231E1F956DC4}
	EndGlobalSection
EndGlobal
